
Microsoft Visual Studio Solution File, Format Version 12.00
# Visual Studio Version 17
VisualStudioVersion = 17.13.35818.85 d17.13
MinimumVisualStudioVersion = 10.0.40219.1
Project("{FAE04EC0-301F-11D3-BF4B-00C04F79EFBC}") = "chatbot", "chatbot\chatbot.csproj", "{9FA181E7-70B6-47DB-BE6A-4E2A2864D14C}"
EndProject
Global
	GlobalSection(SolutionConfigurationPlatforms) = preSolution
		Debug|Any CPU = Debug|Any CPU
		Release|Any CPU = Release|Any CPU
	EndGlobalSection
	GlobalSection(ProjectConfigurationPlatforms) = postSolution
		{9FA181E7-70B6-47DB-BE6A-4E2A2864D14C}.Debug|Any CPU.ActiveCfg = Debug|Any CPU
		{9FA181E7-70B6-47DB-BE6A-4E2A2864D14C}.Debug|Any CPU.Build.0 = Debug|Any CPU
		{9FA181E7-70B6-47DB-BE6A-4E2A2864D14C}.Release|Any CPU.ActiveCfg = Release|Any CPU
		{9FA181E7-70B6-47DB-BE6A-4E2A2864D14C}.Release|Any CPU.Build.0 = Release|Any CPU
	EndGlobalSection
	GlobalSection(SolutionProperties) = preSolution
		HideSolutionNode = FALSE
	EndGlobalSection
	GlobalSection(ExtensibilityGlobals) = postSolution
		SolutionGuid = {F7F1AD9C-31BC-4A98-B629-4F1833841DDC}
	EndGlobalSection
EndGlobal
